
Microsoft Visual Studio Solution File, Format Version 11.00
# Visual Studio 2010
Project("{FAE04EC0-301F-11D3-BF4B-00C04F79EFBC}") = "Assembly-CSharp", "Assembly-CSharp.csproj", "{dbd02447-5399-6e71-dfa7-5d33ccba0c42}"
EndProject
Global
	GlobalSection(SolutionConfigurationPlatforms) = preSolution
		Debug|Any CPU = Debug|Any CPU
		Release|Any CPU = Release|Any CPU
	EndGlobalSection
	GlobalSection(ProjectConfigurationPlatforms) = postSolution
		{dbd02447-5399-6e71-dfa7-5d33ccba0c42}.Debug|Any CPU.ActiveCfg = Debug|Any CPU
		{dbd02447-5399-6e71-dfa7-5d33ccba0c42}.Debug|Any CPU.Build.0 = Debug|Any CPU
		{dbd02447-5399-6e71-dfa7-5d33ccba0c42}.Release|Any CPU.ActiveCfg = Release|Any CPU
		{dbd02447-5399-6e71-dfa7-5d33ccba0c42}.Release|Any CPU.Build.0 = Release|Any CPU
	EndGlobalSection
	GlobalSection(SolutionProperties) = preSolution
		HideSolutionNode = FALSE
	EndGlobalSection
EndGlobal
